PODS:
  - ComponentMiddleware (0.0.2)
  - ComponentModuleBCategory (0.0.5):
    - ComponentMiddleware (< 1.0.0)

DEPENDENCIES:
  - ComponentModuleBCategory (from `../`)

SPEC REPOS:
  https://github.com/jiaojiaozhe/XAbstractionLibrary-Specs:
    - ComponentMiddleware

EXTERNAL SOURCES:
  ComponentModuleBCategory:
    :path: "../"

SPEC CHECKSUMS:
  ComponentMiddleware: 69d1b25293355a4784aa42d9ab9e736bdda69151
  ComponentModuleBCategory: 6d76e2f1b4d79d02e71c55d11c1754b1d95a3c28

PODFILE CHECKSUM: 7febce0049f0975f90009773f281fd80807a4769

COCOAPODS: 1.9.1
